
Microsoft Visual Studio Solution File, Format Version 12.00
# Visual Studio Version 17
VisualStudioVersion = 17.10.35013.160
MinimumVisualStudioVersion = 10.0.40219.1
Project("{FAE04EC0-301F-11D3-BF4B-00C04F79EFBC}") = "Assignment 10.2.1 LINQ Query", "Assignment 10.2.1 LINQ Query.csproj", "{3C7EF9FD-F7AA-4224-92AA-C7019B668AF6}"
EndProject
Global
	GlobalSection(SolutionConfigurationPlatforms) = preSolution
		Debug|Any CPU = Debug|Any CPU
		Release|Any CPU = Release|Any CPU
	EndGlobalSection
	GlobalSection(ProjectConfigurationPlatforms) = postSolution
		{3C7EF9FD-F7AA-4224-92AA-C7019B668AF6}.Debug|Any CPU.ActiveCfg = Debug|Any CPU
		{3C7EF9FD-F7AA-4224-92AA-C7019B668AF6}.Debug|Any CPU.Build.0 = Debug|Any CPU
		{3C7EF9FD-F7AA-4224-92AA-C7019B668AF6}.Release|Any CPU.ActiveCfg = Release|Any CPU
		{3C7EF9FD-F7AA-4224-92AA-C7019B668AF6}.Release|Any CPU.Build.0 = Release|Any CPU
	EndGlobalSection
	GlobalSection(SolutionProperties) = preSolution
		HideSolutionNode = FALSE
	EndGlobalSection
	GlobalSection(ExtensibilityGlobals) = postSolution
		SolutionGuid = {E0ECA9E6-821F-42BB-8AF4-80F8DF1816F9}
	EndGlobalSection
EndGlobal
